
Microsoft Visual Studio Solution File, Format Version 12.00
# Visual Studio 15
Project("{FAE04EC0-301F-11D3-BF4B-00C04F79EFBC}") = "FMODUnity", "FMODUnity.csproj", "{8FD51A5E-049C-4432-B26E-2088B7DEBA70}"
EndProject
Project("{FAE04EC0-301F-11D3-BF4B-00C04F79EFBC}") = "FMODUnityEditor", "FMODUnityEditor.csproj", "{108AEE9B-8D68-7CCC-985A-B2990D8185FE}"
EndProject
Project("{FAE04EC0-301F-11D3-BF4B-00C04F79EFBC}") = "FMODUnityResonanceEditor", "FMODUnityResonanceEditor.csproj", "{6FD2FC37-DFEC-761E-963F-73E74ABE6DB3}"
EndProject
Project("{FAE04EC0-301F-11D3-BF4B-00C04F79EFBC}") = "FMODUnityResonance", "FMODUnityResonance.csproj", "{7A990FF1-E8CD-CBD6-4381-C1A4481523DD}"
EndProject
Project("{FAE04EC0-301F-11D3-BF4B-00C04F79EFBC}") = "Assembly-CSharp", "Assembly-CSharp.csproj", "{99FA7796-E7FC-C0CE-3EEA-D932B9152C39}"
EndProject
Global
	GlobalSection(SolutionConfigurationPlatforms) = preSolution
		Debug|Any CPU = Debug|Any CPU
		Release|Any CPU = Release|Any CPU
	EndGlobalSection
	GlobalSection(ProjectConfigurationPlatforms) = postSolution
		{8FD51A5E-049C-4432-B26E-2088B7DEBA70}.Debug|Any CPU.ActiveCfg = Debug|Any CPU
		{8FD51A5E-049C-4432-B26E-2088B7DEBA70}.Debug|Any CPU.Build.0 = Debug|Any CPU
		{8FD51A5E-049C-4432-B26E-2088B7DEBA70}.Release|Any CPU.ActiveCfg = Release|Any CPU
		{8FD51A5E-049C-4432-B26E-2088B7DEBA70}.Release|Any CPU.Build.0 = Release|Any CPU
		{108AEE9B-8D68-7CCC-985A-B2990D8185FE}.Debug|Any CPU.ActiveCfg = Debug|Any CPU
		{108AEE9B-8D68-7CCC-985A-B2990D8185FE}.Debug|Any CPU.Build.0 = Debug|Any CPU
		{108AEE9B-8D68-7CCC-985A-B2990D8185FE}.Release|Any CPU.ActiveCfg = Release|Any CPU
		{108AEE9B-8D68-7CCC-985A-B2990D8185FE}.Release|Any CPU.Build.0 = Release|Any CPU
		{6FD2FC37-DFEC-761E-963F-73E74ABE6DB3}.Debug|Any CPU.ActiveCfg = Debug|Any CPU
		{6FD2FC37-DFEC-761E-963F-73E74ABE6DB3}.Debug|Any CPU.Build.0 = Debug|Any CPU
		{6FD2FC37-DFEC-761E-963F-73E74ABE6DB3}.Release|Any CPU.ActiveCfg = Release|Any CPU
		{6FD2FC37-DFEC-761E-963F-73E74ABE6DB3}.Release|Any CPU.Build.0 = Release|Any CPU
		{7A990FF1-E8CD-CBD6-4381-C1A4481523DD}.Debug|Any CPU.ActiveCfg = Debug|Any CPU
		{7A990FF1-E8CD-CBD6-4381-C1A4481523DD}.Debug|Any CPU.Build.0 = Debug|Any CPU
		{7A990FF1-E8CD-CBD6-4381-C1A4481523DD}.Release|Any CPU.ActiveCfg = Release|Any CPU
		{7A990FF1-E8CD-CBD6-4381-C1A4481523DD}.Release|Any CPU.Build.0 = Release|Any CPU
		{99FA7796-E7FC-C0CE-3EEA-D932B9152C39}.Debug|Any CPU.ActiveCfg = Debug|Any CPU
		{99FA7796-E7FC-C0CE-3EEA-D932B9152C39}.Debug|Any CPU.Build.0 = Debug|Any CPU
		{99FA7796-E7FC-C0CE-3EEA-D932B9152C39}.Release|Any CPU.ActiveCfg = Release|Any CPU
		{99FA7796-E7FC-C0CE-3EEA-D932B9152C39}.Release|Any CPU.Build.0 = Release|Any CPU
	EndGlobalSection
	GlobalSection(SolutionProperties) = preSolution
		HideSolutionNode = FALSE
	EndGlobalSection
EndGlobal
